lockfileVersion: '9.0'

settings:
  autoInstallPeers: true
  excludeLinksFromLockfile: false

importers:

  .:
    devDependencies:
      '@biomejs/biome':
        specifier: ^2.5.2
        version: 2.5.2
      supabase:
        specifier: ^2.109.0
        version: 2.109.0
      turbo:
        specifier: ^2.10.3
        version: 2.10.3

packages:

  '@biomejs/biome@2.5.2':
    resolution: {integrity: sha512-VQ3RCqr7JmDIX+w6stWYl+g/3bYofN3q2wDBHUKKc/c7i5QWrFKFBZYCYPWTE6agsUPMIZZe6/CMmVUfUAhkKA==}
    engines: {node: '>=14.21.3'}
    hasBin: true

  '@biomejs/cli-darwin-arm64@2.5.2':
    resolution: {integrity: sha512-e7P3P7EkwFc/KiX2AHw4YDLIBOMfG9CPCAwy52k5Bp0dfhkozx9hf6wCmIr2QeXy2XeccJ3V/Sg+hDmzYEqxSg==}
    engines: {node: '>=14.21.3'}
    cpu: [arm64]
    os: [darwin]

  '@biomejs/cli-darwin-x64@2.5.2':
    resolution: {integrity: sha512-ymzMvjC1Jg0b9K0D26ZdARqFQXs7MocfLC5FOCGfkC0Ss+ACUJkX5364ZM5nT4NLZanHRZNVrZEy+Ibwcvux/g==}
    engines: {node: '>=14.21.3'}
    cpu: [x64]
    os: [darwin]

  '@biomejs/cli-linux-arm64-musl@2.5.2':
    resolution: {integrity: sha512-w+ANG0ZvTu9IeEg9QnstoOnk6L0fpwJifW6aHR18+cb5Z39bkANItYjAfMrnvce5tmMK+IQ6nPX7/kQFdam5iw==}
    engines: {node: '>=14.21.3'}
    cpu: [arm64]
    os: [linux]
    libc: [musl]

  '@biomejs/cli-linux-arm64@2.5.2':
    resolution: {integrity: sha512-t7sseOmqND57uUWTwlawU6BYj+J06T/9EkydzBhkrgw/FK3QVhjU2wsJR0frljrKZ0/I8A/rYw7284QgqjQfIQ==}
    engines: {node: '>=14.21.3'}
    cpu: [arm64]
    os: [linux]
    libc: [glibc]

  '@biomejs/cli-linux-x64-musl@2.5.2':
    resolution: {integrity: sha512-VArNLAzND063tF+XY0yPyM+DyahpzOMzOAvb7qs259nhjJWRjvjZdssuA+Rfl+l07+NOesKZ0Xu2yFrXyBMtzw==}
    engines: {node: '>=14.21.3'}
    cpu: [x64]
    os: [linux]
    libc: [musl]

  '@biomejs/cli-linux-x64@2.5.2':
    resolution: {integrity: sha512-M/lOZrewzTCRDINbjhQ1gYYru37KlD3kJBQwwKCG0ckz5E9IZwIoJ3X0wBwRXA+yBDIwWUuPBHS67HzJY4dTfA==}
    engines: {node: '>=14.21.3'}
    cpu: [x64]
    os: [linux]
    libc: [glibc]

  '@biomejs/cli-win32-arm64@2.5.2':
    resolution: {integrity: sha512-kbjFFKyZlzYnAuw7sRy5qDoFG6zrP40UK08oPQsWK0ct3NMnGSt+Bs1iviEEyEIP57N5MrykGXdO/wRiaR4lww==}
    engines: {node: '>=14.21.3'}
    cpu: [arm64]
    os: [win32]

  '@biomejs/cli-win32-x64@2.5.2':
    resolution: {integrity: sha512-4InchVpdVmdkkkgjQqKpgvyu+VPnoF/7RPSw5YATgEVpt2j72wcCAeV5TwaE9ZGJUZWZn7v2CwSAj6CrMJEx8A==}
    engines: {node: '>=14.21.3'}
    cpu: [x64]
    os: [win32]

  '@ecies/ciphers@0.2.6':
    resolution: {integrity: sha512-patgsRPKGkhhoBjETV4XxD0En4ui5fbX0hzayqI3M8tvNMGUoUvmyYAIWwlxBc1KX5cturfqByYdj5bYGRpN9g==}
    engines: {bun: '>=1', deno: '>=2.7.10', node: '>=16'}
    peerDependencies:
      '@noble/ciphers': ^1.0.0

  '@noble/ciphers@1.3.0':
    resolution: {integrity: sha512-2I0gnIVPtfnMw9ee9h1dJG7tp81+8Ob3OJb3Mv37rx5L40/b0i7djjCVvGOVqc9AEIQyvyu1i6ypKdFw8R8gQw==}
    engines: {node: ^14.21.3 || >=16}

  '@noble/curves@1.9.7':
    resolution: {integrity: sha512-gbKGcRUYIjA3/zCCNaWDciTMFI0dCkvou3TL8Zmy5Nc7sJ47a0jtOeZoTaMxkuqRo9cRhjOdZJXegxYE5FN/xw==}
    engines: {node: ^14.21.3 || >=16}

  '@noble/hashes@1.8.0':
    resolution: {integrity: sha512-jCs9ldd7NwzpgXDIf6P3+NrHh9/sD6CQdxHyjQI+h/6rDNo88ypBxxz45UDuZHz9r3tNz7N/VInSVoVdtXEI4A==}
    engines: {node: ^14.21.3 || >=16}

  '@supabase/cli-darwin-arm64@2.109.0':
    resolution: {integrity: sha512-NPDZ8JK6eu205l1wJgVrV5rhIKW4kecrtrdkPpbWjZ7B9AC/VU0hCPWFaiU1CKbjW6NvUM223YIDWx+OH4JWhg==}
    cpu: [arm64]
    os: [darwin]

  '@supabase/cli-darwin-x64@2.109.0':
    resolution: {integrity: sha512-lpGHp1PFDU+CPd4fOFwrIi2urGzl+OI3W8/RIpFiyQjgOcmHvPyYoIacrmzKeGPesj6MfKFZKcPVzPuYoFoF5g==}
    cpu: [x64]
    os: [darwin]

  '@supabase/cli-linux-arm64-musl@2.109.0':
    resolution: {integrity: sha512-IgMEzQ17O65A/gymdvTG7bBWAf7jlGm7uUxETkS0z5JjuwSOi1k/H4AQNPWyM99lm4tUAroGlKTcXe/W/Hl0WA==}
    cpu: [arm64]
    os: [linux]
    libc: [musl]

  '@supabase/cli-linux-arm64@2.109.0':
    resolution: {integrity: sha512-XJgYqsuDrGM1q/VKN1hmi7/0Pi8Dw3psD8XuKnqm/aYWKU+W26Cl5GtDZXUDRTVzRO8+syIje3Xxg6GTx85nzw==}
    cpu: [arm64]
    os: [linux]
    libc: [glibc]

  '@supabase/cli-linux-x64-musl@2.109.0':
    resolution: {integrity: sha512-K7aqZlVwxSkUAQjimBU4dy6vQvFiOH6a1Lh3xGqT5f20R6GzBi+tX6Zd+pkouNKre2F2cijfv/LZTF0Q7BbHDA==}
    cpu: [x64]
    os: [linux]
    libc: [musl]

  '@supabase/cli-linux-x64@2.109.0':
    resolution: {integrity: sha512-newPlk/lDzbsnJVineYZ/qmrU0e8SU66WCZu6ti8CGKhsWBQJHauSM0W8V4E3csyIsaxZ8PXfPkUzKcWqO66jg==}
    cpu: [x64]
    os: [linux]
    libc: [glibc]

  '@supabase/cli-windows-arm64@2.109.0':
    resolution: {integrity: sha512-0ddCgWRGNl7mWTahqK4xc4GelvG+BSPOsB0R19edL7NFnuvEP4U5SK4C4+IRYAgFxLupnbyCLkztGC4EJOHD5g==}
    cpu: [arm64]
    os: [win32]

  '@supabase/cli-windows-x64@2.109.0':
    resolution: {integrity: sha512-XEzFSZUfjsQaRL21ieXYP2layohPs/4PsHAF5J0Vst2TiRoN/kDjOmAtBgoUgCeD6M5G9vb8ZH9Y4VvSPpqcIA==}
    cpu: [x64]
    os: [win32]

  '@turbo/darwin-64@2.10.3':
    resolution: {integrity: sha512-guuiO2kKc7yUQFU2jhWyM/BrYGD/brqb0+JvJIXTQ/QI1NlWfHZ1id50kkkOWqxmBiDc8DgW2orfY85pQIc7gw==}
    cpu: [x64]
    os: [darwin]

  '@turbo/darwin-arm64@2.10.3':
    resolution: {integrity: sha512-UglEDl/r1/h5Vw6oS6cEE29Jugz2sDLxHCSupNznKatj1fDMRXFqYKFcbvm8RTFhtYPI45NxkrPNo9BqNychBg==}
    cpu: [arm64]
    os: [darwin]

  '@turbo/linux-64@2.10.3':
    resolution: {integrity: sha512-KuQxaPWD7OBmwEZqO0sgijwcuXR5eMWbo7BEt2m1D2Q3RylJDj7WMcJ0Btv2VJA0QC+khzAaTAm1yWowJ0CWAw==}
    cpu: [x64]
    os: [linux]

  '@turbo/linux-arm64@2.10.3':
    resolution: {integrity: sha512-DPkIKQ+6p0sho3Cx/e/A3F+AKgXQJA+z//cHsTcyyM1YWRGSYA0UTP8NUpb4iS2tVBSniGwmjRUr73hpq8kcDg==}
    cpu: [arm64]
    os: [linux]

  '@turbo/windows-64@2.10.3':
    resolution: {integrity: sha512-8NvFAze9D4PsosZAnK3aGqHz2vLzREz9lNIxLgfE0jRchq2sZQE190cwFm7WX17yg3ftPvwCvWH3rhLbG1UHCQ==}
    cpu: [x64]
    os: [win32]

  '@turbo/windows-arm64@2.10.3':
    resolution: {integrity: sha512-AqjqV5cHbFa0YRaQ+Dyw6lSm6as4h/Uf8LcZ7VN8i+Odr23ShFD5SUvVAR1d3rZqibFVs9c0VdtXdfQfkdcs3A==}
    cpu: [arm64]
    os: [win32]

  eciesjs@0.5.0:
    resolution: {integrity: sha512-s0J9SEVYAEPg7J63GFMApLYzPH9VNIQIyC6s15JpnqVc0TqcKWdbgFlnAweEBRyMmko2dcs2sfC83Hj4J43tuA==}
    engines: {bun: '>=1', deno: '>=2.7.10', node: '>=16'}

  jose@6.2.3:
    resolution: {integrity: sha512-YYVDInQKFJfR/xa3ojUTl8c2KoTwiL1R5Wg9YCydwH0x0B9grbzlg5HC7mMjCtUJjbQ/YnGEZIhI5tCgfTb4Hw==}

  supabase@2.109.0:
    resolution: {integrity: sha512-ECT61HUnVMXCAX/1O4Dmj0ifUPCM4AonSYcd/degMGbJdAmgwdquht43cKDp9k1cE15uJKfILjZEQTOSw7Np/w==}
    hasBin: true

  turbo@2.10.3:
    resolution: {integrity: sha512-uZIqzfgtWbyqu1Tqwdd0giRnPGgL0ejbcdF8eZLJhtTTVSrOgArZGzYeXTD6XNcc7ANgdhqex11Y9bHBeyiQLQ==}
    hasBin: true

snapshots:

  '@biomejs/biome@2.5.2':
    optionalDependencies:
      '@biomejs/cli-darwin-arm64': 2.5.2
      '@biomejs/cli-darwin-x64': 2.5.2
      '@biomejs/cli-linux-arm64': 2.5.2
      '@biomejs/cli-linux-arm64-musl': 2.5.2
      '@biomejs/cli-linux-x64': 2.5.2
      '@biomejs/cli-linux-x64-musl': 2.5.2
      '@biomejs/cli-win32-arm64': 2.5.2
      '@biomejs/cli-win32-x64': 2.5.2

  '@biomejs/cli-darwin-arm64@2.5.2':
    optional: true

  '@biomejs/cli-darwin-x64@2.5.2':
    optional: true

  '@biomejs/cli-linux-arm64-musl@2.5.2':
    optional: true

  '@biomejs/cli-linux-arm64@2.5.2':
    optional: true

  '@biomejs/cli-linux-x64-musl@2.5.2':
    optional: true

  '@biomejs/cli-linux-x64@2.5.2':
    optional: true

  '@biomejs/cli-win32-arm64@2.5.2':
    optional: true

  '@biomejs/cli-win32-x64@2.5.2':
    optional: true

  '@ecies/ciphers@0.2.6(@noble/ciphers@1.3.0)':
    dependencies:
      '@noble/ciphers': 1.3.0

  '@noble/ciphers@1.3.0': {}

  '@noble/curves@1.9.7':
    dependencies:
      '@noble/hashes': 1.8.0

  '@noble/hashes@1.8.0': {}

  '@supabase/cli-darwin-arm64@2.109.0':
    optional: true

  '@supabase/cli-darwin-x64@2.109.0':
    optional: true

  '@supabase/cli-linux-arm64-musl@2.109.0':
    optional: true

  '@supabase/cli-linux-arm64@2.109.0':
    optional: true

  '@supabase/cli-linux-x64-musl@2.109.0':
    optional: true

  '@supabase/cli-linux-x64@2.109.0':
    optional: true

  '@supabase/cli-windows-arm64@2.109.0':
    optional: true

  '@supabase/cli-windows-x64@2.109.0':
    optional: true

  '@turbo/darwin-64@2.10.3':
    optional: true

  '@turbo/darwin-arm64@2.10.3':
    optional: true

  '@turbo/linux-64@2.10.3':
    optional: true

  '@turbo/linux-arm64@2.10.3':
    optional: true

  '@turbo/windows-64@2.10.3':
    optional: true

  '@turbo/windows-arm64@2.10.3':
    optional: true

  eciesjs@0.5.0:
    dependencies:
      '@ecies/ciphers': 0.2.6(@noble/ciphers@1.3.0)
      '@noble/ciphers': 1.3.0
      '@noble/curves': 1.9.7
      '@noble/hashes': 1.8.0

  jose@6.2.3: {}

  supabase@2.109.0:
    dependencies:
      eciesjs: 0.5.0
      jose: 6.2.3
    optionalDependencies:
      '@supabase/cli-darwin-arm64': 2.109.0
      '@supabase/cli-darwin-x64': 2.109.0
      '@supabase/cli-linux-arm64': 2.109.0
      '@supabase/cli-linux-arm64-musl': 2.109.0
      '@supabase/cli-linux-x64': 2.109.0
      '@supabase/cli-linux-x64-musl': 2.109.0
      '@supabase/cli-windows-arm64': 2.109.0
      '@supabase/cli-windows-x64': 2.109.0

  turbo@2.10.3:
    optionalDependencies:
      '@turbo/darwin-64': 2.10.3
      '@turbo/darwin-arm64': 2.10.3
      '@turbo/linux-64': 2.10.3
      '@turbo/linux-arm64': 2.10.3
      '@turbo/windows-64': 2.10.3
      '@turbo/windows-arm64': 2.10.3
